// !$*UTF8*$!
{
	archiveVersion = 1;
	classes = {
	};
	objectVersion = 56;
	objects = {

/* Begin PBXBuildFile section */
		03B6CBA3A81954B0E197BCA6 /* Pods_MorseCodeDecoder.framework in Frameworks */ = {isa = PBXBuildFile; fileRef = A89BDCDF878BDC1F39EA76A0 /* Pods_MorseCodeDecoder.framework */; };
		472A247029A10A38000B5E97 /* MorseCodeModel.swift in Sources */ = {isa = PBXBuildFile; fileRef = 472A246D29A10A38000B5E97 /* MorseCodeModel.swift */; };
		472A247129A10A38000B5E97 /* MorseCodeView.swift in Sources */ = {isa = PBXBuildFile; fileRef = 472A246E29A10A38000B5E97 /* MorseCodeView.swift */; };
		472A247229A10A38000B5E97 /* MorseCodeViewModel.swift in Sources */ = {isa = PBXBuildFile; fileRef = 472A246F29A10A38000B5E97 /* MorseCodeViewModel.swift */; };
		472A247529A2518F000B5E97 /* UIButton.swift in Sources */ = {isa = PBXBuildFile; fileRef = 472A247429A2518F000B5E97 /* UIButton.swift */; };
		472A247729A25431000B5E97 /* MorseCodeAssembler.swift in Sources */ = {isa = PBXBuildFile; fileRef = 472A247629A25431000B5E97 /* MorseCodeAssembler.swift */; };
		47E06BC729A1098700598E72 /* AppDelegate.swift in Sources */ = {isa = PBXBuildFile; fileRef = 47E06BC629A1098700598E72 /* AppDelegate.swift */; };
		47E06BC929A1098700598E72 /* SceneDelegate.swift in Sources */ = {isa = PBXBuildFile; fileRef = 47E06BC829A1098700598E72 /* SceneDelegate.swift */; };
		47E06BCB29A1098700598E72 /* ViewController.swift in Sources */ = {isa = PBXBuildFile; fileRef = 47E06BCA29A1098700598E72 /* ViewController.swift */; };
		47E06BCE29A1098700598E72 /* Main.storyboard in Resources */ = {isa = PBXBuildFile; fileRef = 47E06BCC29A1098700598E72 /* Main.storyboard */; };
		47E06BD029A1098800598E72 /* Assets.xcassets in Resources */ = {isa = PBXBuildFile; fileRef = 47E06BCF29A1098800598E72 /* Assets.xcassets */; };
		47E06BD329A1098800598E72 /* LaunchScreen.storyboard in Resources */ = {isa = PBXBuildFile; fileRef = 47E06BD129A1098800598E72 /* LaunchScreen.storyboard */; };
/* End PBXBuildFile section */

/* Begin PBXFileReference section */
		472A246D29A10A38000B5E97 /* MorseCodeModel.swift */ = {isa = PBXFileReference; fileEncoding = 4; lastKnownFileType = sourcecode.swift; path = MorseCodeModel.swift; sourceTree = "<group>"; };
		472A246E29A10A38000B5E97 /* MorseCodeView.swift */ = {isa = PBXFileReference; fileEncoding = 4; lastKnownFileType = sourcecode.swift; path = MorseCodeView.swift; sourceTree = "<group>"; };
		472A246F29A10A38000B5E97 /* MorseCodeViewModel.swift */ = {isa = PBXFileReference; fileEncoding = 4; lastKnownFileType = sourcecode.swift; path = MorseCodeViewModel.swift; sourceTree = "<group>"; };
		472A247429A2518F000B5E97 /* UIButton.swift */ = {isa = PBXFileReference; lastKnownFileType = sourcecode.swift; path = UIButton.swift; sourceTree = "<group>"; };
		472A247629A25431000B5E97 /* MorseCodeAssembler.swift */ = {isa = PBXFileReference; lastKnownFileType = sourcecode.swift; path = MorseCodeAssembler.swift; sourceTree = "<group>"; };
		47E06BC329A1098700598E72 /* MorseCodeDecoder.app */ = {isa = PBXFileReference; explicitFileType = wrapper.application; includeInIndex = 0; path = MorseCodeDecoder.app; sourceTree = BUILT_PRODUCTS_DIR; };
		47E06BC629A1098700598E72 /* AppDelegate.swift */ = {isa = PBXFileReference; lastKnownFileType = sourcecode.swift; path = AppDelegate.swift; sourceTree = "<group>"; };
		47E06BC829A1098700598E72 /* SceneDelegate.swift */ = {isa = PBXFileReference; lastKnownFileType = sourcecode.swift; path = SceneDelegate.swift; sourceTree = "<group>"; };
		47E06BCA29A1098700598E72 /* ViewController.swift */ = {isa = PBXFileReference; lastKnownFileType = sourcecode.swift; path = ViewController.swift; sourceTree = "<group>"; };
		47E06BCD29A1098700598E72 /* Base */ = {isa = PBXFileReference; lastKnownFileType = file.storyboard; name = Base; path = Base.lproj/Main.storyboard; sourceTree = "<group>"; };
		47E06BCF29A1098800598E72 /* Assets.xcassets */ = {isa = PBXFileReference; lastKnownFileType = folder.assetcatalog; path = Assets.xcassets; sourceTree = "<group>"; };
		47E06BD229A1098800598E72 /* Base */ = {isa = PBXFileReference; lastKnownFileType = file.storyboard; name = Base; path = Base.lproj/LaunchScreen.storyboard; sourceTree = "<group>"; };
		47E06BD429A1098800598E72 /* Info.plist */ = {isa = PBXFileReference; lastKnownFileType = text.plist.xml; path = Info.plist; sourceTree = "<group>"; };
		6F85AC2937779BD059AC51D2 /* Pods-MorseCodeDecoder.release.xcconfig */ = {isa = PBXFileReference; includeInIndex = 1; lastKnownFileType = text.xcconfig; name = "Pods-MorseCodeDecoder.release.xcconfig"; path = "Target Support Files/Pods-MorseCodeDecoder/Pods-MorseCodeDecoder.release.xcconfig"; sourceTree = "<group>"; };
		A89BDCDF878BDC1F39EA76A0 /* Pods_MorseCodeDecoder.framework */ = {isa = PBXFileReference; explicitFileType = wrapper.framework; includeInIndex = 0; path = Pods_MorseCodeDecoder.framework; sourceTree = BUILT_PRODUCTS_DIR; };
		A95B1F3E24C1D18AD80ADB1E /* Pods-MorseCodeDecoder.debug.xcconfig */ = {isa = PBXFileReference; includeInIndex = 1; lastKnownFileType = text.xcconfig; name = "Pods-MorseCodeDecoder.debug.xcconfig"; path = "Target Support Files/Pods-MorseCodeDecoder/Pods-MorseCodeDecoder.debug.xcconfig"; sourceTree = "<group>"; };
/* End PBXFileReference section */

/* Begin PBXFrameworksBuildPhase section */
		47E06BC029A1098700598E72 /* Frameworks */ = {
			isa = PBXFrameworksBuildPhase;
			buildActionMask = 2147483647;
			files = (
				03B6CBA3A81954B0E197BCA6 /* Pods_MorseCodeDecoder.framework in Frameworks */,
			);
			runOnlyForDeploymentPostprocessing = 0;
		};
/* End PBXFrameworksBuildPhase section */

/* Begin PBXGroup section */
		472A247329A2517B000B5E97 /* Extensions */ = {
			isa = PBXGroup;
			children = (
				472A247429A2518F000B5E97 /* UIButton.swift */,
			);
			path = Extensions;
			sourceTree = "<group>";
		};
		47E06BBA29A1098700598E72 = {
			isa = PBXGroup;
			children = (
				47E06BC529A1098700598E72 /* MorseCodeDecoder */,
				47E06BC429A1098700598E72 /* Products */,
				4974D523CEE00F7C8C0A827B /* Pods */,
				56246F4B0FC63963E1549C1A /* Frameworks */,
			);
			sourceTree = "<group>";
		};
		47E06BC429A1098700598E72 /* Products */ = {
			isa = PBXGroup;
			children = (
				47E06BC329A1098700598E72 /* MorseCodeDecoder.app */,
			);
			name = Products;
			sourceTree = "<group>";
		};
		47E06BC529A1098700598E72 /* MorseCodeDecoder */ = {
			isa = PBXGroup;
			children = (
				472A247329A2517B000B5E97 /* Extensions */,
				47E06BDC29A109B800598E72 /* MorseCode */,
				47E06BC829A1098700598E72 /* SceneDelegate.swift */,
				47E06BC629A1098700598E72 /* AppDelegate.swift */,
				47E06BCA29A1098700598E72 /* ViewController.swift */,
				47E06BCC29A1098700598E72 /* Main.storyboard */,
				47E06BCF29A1098800598E72 /* Assets.xcassets */,
				47E06BD129A1098800598E72 /* LaunchScreen.storyboard */,
				47E06BD429A1098800598E72 /* Info.plist */,
			);
			path = MorseCodeDecoder;
			sourceTree = "<group>";
		};
		47E06BDC29A109B800598E72 /* MorseCode */ = {
			isa = PBXGroup;
			children = (
				472A247629A25431000B5E97 /* MorseCodeAssembler.swift */,
				472A246E29A10A38000B5E97 /* MorseCodeView.swift */,
				472A246D29A10A38000B5E97 /* MorseCodeModel.swift */,
				472A246F29A10A38000B5E97 /* MorseCodeViewModel.swift */,
			);
			path = MorseCode;
			sourceTree = "<group>";
		};
		4974D523CEE00F7C8C0A827B /* Pods */ = {
			isa = PBXGroup;
			children = (
				A95B1F3E24C1D18AD80ADB1E /* Pods-MorseCodeDecoder.debug.xcconfig */,
				6F85AC2937779BD059AC51D2 /* Pods-MorseCodeDecoder.release.xcconfig */,
			);
			path = Pods;
			sourceTree = "<group>";
		};
		56246F4B0FC63963E1549C1A /* Frameworks */ = {
			isa = PBXGroup;
			children = (
				A89BDCDF878BDC1F39EA76A0 /* Pods_MorseCodeDecoder.framework */,
			);
			name = Frameworks;
			sourceTree = "<group>";
		};
/* End PBXGroup section */

/* Begin PBXNativeTarget section */
		47E06BC229A1098700598E72 /* MorseCodeDecoder */ = {
			isa = PBXNativeTarget;
			buildConfigurationList = 47E06BD729A1098800598E72 /* Build configuration list for PBXNativeTarget "MorseCodeDecoder" */;
			buildPhases = (
				62A02B181E79E4CA88D61C38 /* [CP] Check Pods Manifest.lock */,
				47E06BBF29A1098700598E72 /* Sources */,
				47E06BC029A1098700598E72 /* Frameworks */,
				47E06BC129A1098700598E72 /* Resources */,
				626B5DD422CB3933301FCAF2 /* [CP] Embed Pods Frameworks */,
			);
			buildRules = (
			);
			dependencies = (
			);
			name = MorseCodeDecoder;
			productName = MorseCodeDecoder;
			productReference = 47E06BC329A1098700598E72 /* MorseCodeDecoder.app */;
			productType = "com.apple.product-type.application";
		};
/* End PBXNativeTarget section */

/* Begin PBXProject section */
		47E06BBB29A1098700598E72 /* Project object */ = {
			isa = PBXProject;
			attributes = {
				BuildIndependentTargetsInParallel = 1;
				LastSwiftUpdateCheck = 1420;
				LastUpgradeCheck = 1420;
				TargetAttributes = {
					47E06BC229A1098700598E72 = {
						CreatedOnToolsVersion = 14.2;
					};
				};
			};
			buildConfigurationList = 47E06BBE29A1098700598E72 /* Build configuration list for PBXProject "MorseCodeDecoder" */;
			compatibilityVersion = "Xcode 14.0";
			developmentRegion = en;
			hasScannedForEncodings = 0;
			knownRegions = (
				en,
				Base,
			);
			mainGroup = 47E06BBA29A1098700598E72;
			productRefGroup = 47E06BC429A1098700598E72 /* Products */;
			projectDirPath = "";
			projectRoot = "";
			targets = (
				47E06BC229A1098700598E72 /* MorseCodeDecoder */,
			);
		};
/* End PBXProject section */

/* Begin PBXResourcesBuildPhase section */
		47E06BC129A1098700598E72 /* Resources */ = {
			isa = PBXResourcesBuildPhase;
			buildActionMask = 2147483647;
			files = (
				47E06BD329A1098800598E72 /* LaunchScreen.storyboard in Resources */,
				47E06BD029A1098800598E72 /* Assets.xcassets in Resources */,
				47E06BCE29A1098700598E72 /* Main.storyboard in Resources */,
			);
			runOnlyForDeploymentPostprocessing = 0;
		};
/* End PBXResourcesBuildPhase section */

/* Begin PBXShellScriptBuildPhase section */
		626B5DD422CB3933301FCAF2 /* [CP] Embed Pods Frameworks */ = {
			isa = PBXShellScriptBuildPhase;
			buildActionMask = 2147483647;
			files = (
			);
			inputFileListPaths = (
				"${PODS_ROOT}/Target Support Files/Pods-MorseCodeDecoder/Pods-MorseCodeDecoder-frameworks-${CONFIGURATION}-input-files.xcfilelist",
			);
			name = "[CP] Embed Pods Frameworks";
			outputFileListPaths = (
				"${PODS_ROOT}/Target Support Files/Pods-MorseCodeDecoder/Pods-MorseCodeDecoder-frameworks-${CONFIGURATION}-output-files.xcfilelist",
			);
			runOnlyForDeploymentPostprocessing = 0;
			shellPath = /bin/sh;
			shellScript = "\"${PODS_ROOT}/Target Support Files/Pods-MorseCodeDecoder/Pods-MorseCodeDecoder-frameworks.sh\"\n";
			showEnvVarsInLog = 0;
		};
		62A02B181E79E4CA88D61C38 /* [CP] Check Pods Manifest.lock */ = {
			isa = PBXShellScriptBuildPhase;
			buildActionMask = 2147483647;
			files = (
			);
			inputFileListPaths = (
			);
			inputPaths = (
				"${PODS_PODFILE_DIR_PATH}/Podfile.lock",
				"${PODS_ROOT}/Manifest.lock",
			);
			name = "[CP] Check Pods Manifest.lock";
			outputFileListPaths = (
			);
			outputPaths = (
				"$(DERIVED_FILE_DIR)/Pods-MorseCodeDecoder-checkManifestLockResult.txt",
			);
			runOnlyForDeploymentPostprocessing = 0;
			shellPath = /bin/sh;
			shellScript = "diff \"${PODS_PODFILE_DIR_PATH}/Podfile.lock\" \"${PODS_ROOT}/Manifest.lock\" > /dev/null\nif [ $? != 0 ] ; then\n    # print error to STDERR\n    echo \"error: The sandbox is not in sync with the Podfile.lock. Run 'pod install' or update your CocoaPods installation.\" >&2\n    exit 1\nfi\n# This output is used by Xcode 'outputs' to avoid re-running this script phase.\necho \"SUCCESS\" > \"${SCRIPT_OUTPUT_FILE_0}\"\n";
			showEnvVarsInLog = 0;
		};
/* End PBXShellScriptBuildPhase section */

/* Begin PBXSourcesBuildPhase section */
		47E06BBF29A1098700598E72 /* Sources */ = {
			isa = PBXSourcesBuildPhase;
			buildActionMask = 2147483647;
			files = (
				47E06BCB29A1098700598E72 /* ViewController.swift in Sources */,
				472A247229A10A38000B5E97 /* MorseCodeViewModel.swift in Sources */,
				472A247729A25431000B5E97 /* MorseCodeAssembler.swift in Sources */,
				472A247129A10A38000B5E97 /* MorseCodeView.swift in Sources */,
				47E06BC729A1098700598E72 /* AppDelegate.swift in Sources */,
				472A247529A2518F000B5E97 /* UIButton.swift in Sources */,
				47E06BC929A1098700598E72 /* SceneDelegate.swift in Sources */,
				472A247029A10A38000B5E97 /* MorseCodeModel.swift in Sources */,
			);
			runOnlyForDeploymentPostprocessing = 0;
		};
/* End PBXSourcesBuildPhase section */

/* Begin PBXVariantGroup section */
		47E06BCC29A1098700598E72 /* Main.storyboard */ = {
			isa = PBXVariantGroup;
			children = (
				47E06BCD29A1098700598E72 /* Base */,
			);
			name = Main.storyboard;
			sourceTree = "<group>";
		};
		47E06BD129A1098800598E72 /* LaunchScreen.storyboard */ = {
			isa = PBXVariantGroup;
			children = (
				47E06BD229A1098800598E72 /* Base */,
			);
			name = LaunchScreen.storyboard;
			sourceTree = "<group>";
		};
/* End PBXVariantGroup section */

/* Begin XCBuildConfiguration section */
		47E06BD529A1098800598E72 /* Debug */ = {
			isa = XCBuildConfiguration;
			buildSettings = {
				ALWAYS_SEARCH_USER_PATHS = NO;
				CLANG_ANALYZER_NONNULL = YES;
				CLANG_ANALYZER_NUMBER_OBJECT_CONVERSION = YES_AGGRESSIVE;
				CLANG_CXX_LANGUAGE_STANDARD = "gnu++20";
				CLANG_ENABLE_MODULES = YES;
				CLANG_ENABLE_OBJC_ARC = YES;
				CLANG_ENABLE_OBJC_WEAK = YES;
				CLANG_WARN_BLOCK_CAPTURE_AUTORELEASING = YES;
				CLANG_WARN_BOOL_CONVERSION = YES;
				CLANG_WARN_COMMA = YES;
				CLANG_WARN_CONSTANT_CONVERSION = YES;
				CLANG_WARN_DEPRECATED_OBJC_IMPLEMENTATIONS = YES;
				CLANG_WARN_DIRECT_OBJC_ISA_USAGE = YES_ERROR;
				CLANG_WARN_DOCUMENTATION_COMMENTS = YES;
				CLANG_WARN_EMPTY_BODY = YES;
				CLANG_WARN_ENUM_CONVERSION = YES;
				CLANG_WARN_INFINITE_RECURSION = YES;
				CLANG_WARN_INT_CONVERSION = YES;
				CLANG_WARN_NON_LITERAL_NULL_CONVERSION = YES;
				CLANG_WARN_OBJC_IMPLICIT_RETAIN_SELF = YES;
				CLANG_WARN_OBJC_LITERAL_CONVERSION = YES;
				CLANG_WARN_OBJC_ROOT_CLASS = YES_ERROR;
				CLANG_WARN_QUOTED_INCLUDE_IN_FRAMEWORK_HEADER = YES;
				CLANG_WARN_RANGE_LOOP_ANALYSIS = YES;
				CLANG_WARN_STRICT_PROTOTYPES = YES;
				CLANG_WARN_SUSPICIOUS_MOVE = YES;
				CLANG_WARN_UNGUARDED_AVAILABILITY = YES_AGGRESSIVE;
				CLANG_WARN_UNREACHABLE_CODE = YES;
				CLANG_WARN__DUPLICATE_METHOD_MATCH = YES;
				COPY_PHASE_STRIP = NO;
				DEBUG_INFORMATION_FORMAT = dwarf;
				ENABLE_STRICT_OBJC_MSGSEND = YES;
				ENABLE_TESTABILITY = YES;
				GCC_C_LANGUAGE_STANDARD = gnu11;
				GCC_DYNAMIC_NO_PIC = NO;
				GCC_NO_COMMON_BLOCKS = YES;
				GCC_OPTIMIZATION_LEVEL = 0;
				GCC_PREPROCESSOR_DEFINITIONS = (
					"DEBUG=1",
					"$(inherited)",
				);
				GCC_WARN_64_TO_32_BIT_CONVERSION = YES;
				GCC_WARN_ABOUT_RETURN_TYPE = YES_ERROR;
				GCC_WARN_UNDECLARED_SELECTOR = YES;
				GCC_WARN_UNINITIALIZED_AUTOS = YES_AGGRESSIVE;
				GCC_WARN_UNUSED_FUNCTION = YES;
				GCC_WARN_UNUSED_VARIABLE = YES;
				IPHONEOS_DEPLOYMENT_TARGET = 16.2;
				MTL_ENABLE_DEBUG_INFO = INCLUDE_SOURCE;
				MTL_FAST_MATH = YES;
				ONLY_ACTIVE_ARCH = YES;
				SDKROOT = iphoneos;
				SWIFT_ACTIVE_COMPILATION_CONDITIONS = DEBUG;
				SWIFT_OPTIMIZATION_LEVEL = "-Onone";
			};
			name = Debug;
		};
		47E06BD629A1098800598E72 /* Release */ = {
			isa = XCBuildConfiguration;
			buildSettings = {
				ALWAYS_SEARCH_USER_PATHS = NO;
				CLANG_ANALYZER_NONNULL = YES;
				CLANG_ANALYZER_NUMBER_OBJECT_CONVERSION = YES_AGGRESSIVE;
				CLANG_CXX_LANGUAGE_STANDARD = "gnu++20";
				CLANG_ENABLE_MODULES = YES;
				CLANG_ENABLE_OBJC_ARC = YES;
				CLANG_ENABLE_OBJC_WEAK = YES;
				CLANG_WARN_BLOCK_CAPTURE_AUTORELEASING = YES;
				CLANG_WARN_BOOL_CONVERSION = YES;
				CLANG_WARN_COMMA = YES;
				CLANG_WARN_CONSTANT_CONVERSION = YES;
				CLANG_WARN_DEPRECATED_OBJC_IMPLEMENTATIONS = YES;
				CLANG_WARN_DIRECT_OBJC_ISA_USAGE = YES_ERROR;
				CLANG_WARN_DOCUMENTATION_COMMENTS = YES;
				CLANG_WARN_EMPTY_BODY = YES;
				CLANG_WARN_ENUM_CONVERSION = YES;
				CLANG_WARN_INFINITE_RECURSION = YES;
				CLANG_WARN_INT_CONVERSION = YES;
				CLANG_WARN_NON_LITERAL_NULL_CONVERSION = YES;
				CLANG_WARN_OBJC_IMPLICIT_RETAIN_SELF = YES;
				CLANG_WARN_OBJC_LITERAL_CONVERSION = YES;
				CLANG_WARN_OBJC_ROOT_CLASS = YES_ERROR;
				CLANG_WARN_QUOTED_INCLUDE_IN_FRAMEWORK_HEADER = YES;
				CLANG_WARN_RANGE_LOOP_ANALYSIS = YES;
				CLANG_WARN_STRICT_PROTOTYPES = YES;
				CLANG_WARN_SUSPICIOUS_MOVE = YES;
				CLANG_WARN_UNGUARDED_AVAILABILITY = YES_AGGRESSIVE;
				CLANG_WARN_UNREACHABLE_CODE = YES;
				CLANG_WARN__DUPLICATE_METHOD_MATCH = YES;
				COPY_PHASE_STRIP = NO;
				DEBUG_INFORMATION_FORMAT = "dwarf-with-dsym";
				ENABLE_NS_ASSERTIONS = NO;
				ENABLE_STRICT_OBJC_MSGSEND = YES;
				GCC_C_LANGUAGE_STANDARD = gnu11;
				GCC_NO_COMMON_BLOCKS = YES;
				GCC_WARN_64_TO_32_BIT_CONVERSION = YES;
				GCC_WARN_ABOUT_RETURN_TYPE = YES_ERROR;
				GCC_WARN_UNDECLARED_SELECTOR = YES;
				GCC_WARN_UNINITIALIZED_AUTOS = YES_AGGRESSIVE;
				GCC_WARN_UNUSED_FUNCTION = YES;
				GCC_WARN_UNUSED_VARIABLE = YES;
				IPHONEOS_DEPLOYMENT_TARGET = 16.2;
				MTL_ENABLE_DEBUG_INFO = NO;
				MTL_FAST_MATH = YES;
				SDKROOT = iphoneos;
				SWIFT_COMPILATION_MODE = wholemodule;
				SWIFT_OPTIMIZATION_LEVEL = "-O";
				VALIDATE_PRODUCT = YES;
			};
			name = Release;
		};
		47E06BD829A1098800598E72 /* Debug */ = {
			isa = XCBuildConfiguration;
			baseConfigurationReference = A95B1F3E24C1D18AD80ADB1E /* Pods-MorseCodeDecoder.debug.xcconfig */;
			buildSettings = {
				ASSETCATALOG_COMPILER_APPICON_NAME = AppIcon;
				ASSETCATALOG_COMPILER_GLOBAL_ACCENT_COLOR_NAME = AccentColor;
				CODE_SIGN_STYLE = Automatic;
				CURRENT_PROJECT_VERSION = 1;
				DEVELOPMENT_TEAM = 524636QW8M;
				GENERATE_INFOPLIST_FILE = YES;
				INFOPLIST_FILE = MorseCodeDecoder/Info.plist;
				INFOPLIST_KEY_UIApplicationSupportsIndirectInputEvents = YES;
				INFOPLIST_KEY_UILaunchStoryboardName = LaunchScreen;
				INFOPLIST_KEY_UIMainStoryboardFile = Main;
				INFOPLIST_KEY_UISupportedInterfaceOrientations_iPad = "UIInterfaceOrientationPortrait UIInterfaceOrientationPortraitUpsideDown UIInterfaceOrientationLandscapeLeft UIInterfaceOrientationLandscapeRight";
				INFOPLIST_KEY_UISupportedInterfaceOrientations_iPhone = "UIInterfaceOrientationPortrait UIInterfaceOrientationLandscapeLeft UIInterfaceOrientationLandscapeRight";
				LD_RUNPATH_SEARCH_PATHS = (
					"$(inherited)",
					"@executable_path/Frameworks",
				);
				MARKETING_VERSION = 1.0;
				PRODUCT_BUNDLE_IDENTIFIER = com.bohdanarkhypchuk.ukma.ua.MorseCodeDecoder;
				PRODUCT_NAME = "$(TARGET_NAME)";
				SWIFT_EMIT_LOC_STRINGS = YES;
				SWIFT_VERSION = 5.0;
				TARGETED_DEVICE_FAMILY = "1,2";
			};
			name = Debug;
		};
		47E06BD929A1098800598E72 /* Release */ = {
			isa = XCBuildConfiguration;
			baseConfigurationReference = 6F85AC2937779BD059AC51D2 /* Pods-MorseCodeDecoder.release.xcconfig */;
			buildSettings = {
				ASSETCATALOG_COMPILER_APPICON_NAME = AppIcon;
				ASSETCATALOG_COMPILER_GLOBAL_ACCENT_COLOR_NAME = AccentColor;
				CODE_SIGN_STYLE = Automatic;
				CURRENT_PROJECT_VERSION = 1;
				DEVELOPMENT_TEAM = 524636QW8M;
				GENERATE_INFOPLIST_FILE = YES;
				INFOPLIST_FILE = MorseCodeDecoder/Info.plist;
				INFOPLIST_KEY_UIApplicationSupportsIndirectInputEvents = YES;
				INFOPLIST_KEY_UILaunchStoryboardName = LaunchScreen;
				INFOPLIST_KEY_UIMainStoryboardFile = Main;
				INFOPLIST_KEY_UISupportedInterfaceOrientations_iPad = "UIInterfaceOrientationPortrait UIInterfaceOrientationPortraitUpsideDown UIInterfaceOrientationLandscapeLeft UIInterfaceOrientationLandscapeRight";
				INFOPLIST_KEY_UISupportedInterfaceOrientations_iPhone = "UIInterfaceOrientationPortrait UIInterfaceOrientationLandscapeLeft UIInterfaceOrientationLandscapeRight";
				LD_RUNPATH_SEARCH_PATHS = (
					"$(inherited)",
					"@executable_path/Frameworks",
				);
				MARKETING_VERSION = 1.0;
				PRODUCT_BUNDLE_IDENTIFIER = com.bohdanarkhypchuk.ukma.ua.MorseCodeDecoder;
				PRODUCT_NAME = "$(TARGET_NAME)";
				SWIFT_EMIT_LOC_STRINGS = YES;
				SWIFT_VERSION = 5.0;
				TARGETED_DEVICE_FAMILY = "1,2";
			};
			name = Release;
		};
/* End XCBuildConfiguration section */

/* Begin XCConfigurationList section */
		47E06BBE29A1098700598E72 /* Build configuration list for PBXProject "MorseCodeDecoder" */ = {
			isa = XCConfigurationList;
			buildConfigurations = (
				47E06BD529A1098800598E72 /* Debug */,
				47E06BD629A1098800598E72 /* Release */,
			);
			defaultConfigurationIsVisible = 0;
			defaultConfigurationName = Release;
		};
		47E06BD729A1098800598E72 /* Build configuration list for PBXNativeTarget "MorseCodeDecoder" */ = {
			isa = XCConfigurationList;
			buildConfigurations = (
				47E06BD829A1098800598E72 /* Debug */,
				47E06BD929A1098800598E72 /* Release */,
			);
			defaultConfigurationIsVisible = 0;
			defaultConfigurationName = Release;
		};
/* End XCConfigurationList section */
	};
	rootObject = 47E06BBB29A1098700598E72 /* Project object */;
}
